
Microsoft Visual Studio Solution File, Format Version 12.00
# Visual Studio Version 16
VisualStudioVersion = 25.0.1706.14
MinimumVisualStudioVersion = 10.0.40219.1
Project("{FAE04EC0-301F-11D3-BF4B-00C04F79EFBC}") = "Application BusinessLayer", "Application BusinessLayer.csproj", "{C395C5A5-E7EE-44E1-A7A1-0601C047A785}"
EndProject
Global
	GlobalSection(SolutionConfigurationPlatforms) = preSolution
		Debug|Any CPU = Debug|Any CPU
		Release|Any CPU = Release|Any CPU
	EndGlobalSection
	GlobalSection(ProjectConfigurationPlatforms) = postSolution
		{C395C5A5-E7EE-44E1-A7A1-0601C047A785}.Debug|Any CPU.ActiveCfg = Debug|Any CPU
		{C395C5A5-E7EE-44E1-A7A1-0601C047A785}.Debug|Any CPU.Build.0 = Debug|Any CPU
		{C395C5A5-E7EE-44E1-A7A1-0601C047A785}.Release|Any CPU.ActiveCfg = Release|Any CPU
		{C395C5A5-E7EE-44E1-A7A1-0601C047A785}.Release|Any CPU.Build.0 = Release|Any CPU
	EndGlobalSection
	GlobalSection(SolutionProperties) = preSolution
		HideSolutionNode = FALSE
	EndGlobalSection
	GlobalSection(ExtensibilityGlobals) = postSolution
		SolutionGuid = {D817F311-AE1B-471B-8DF3-598D49CD1BB3}
	EndGlobalSection
EndGlobal
